{
	"requires": true,
	"lockfileVersion": 1,
	"dependencies": {
		"nativescript-cardview": {
			"version": "2.0.4",
			"resolved": "https://registry.npmjs.org/nativescript-cardview/-/nativescript-cardview-2.0.4.tgz",
			"integrity": "sha1-btpG7/zEO9Z2tzLKvqUYOPrejvg="
		},
		"nativescript-dom": {
			"version": "2.0.0",
			"resolved": "https://registry.npmjs.org/nativescript-dom/-/nativescript-dom-2.0.0.tgz",
			"integrity": "sha1-LCXDZF2ys6q+ZLqGtR19tlZbjnA="
		},
		"nativescript-filterable-listpicker": {
			"version": "1.0.3",
			"resolved": "https://registry.npmjs.org/nativescript-filterable-listpicker/-/nativescript-filterable-listpicker-1.0.3.tgz",
			"integrity": "sha512-87o7mS6DO02zwVimGduXhn/9K4nLHA/54zQCGrShQ/rCuseLZDR/mvOUgqYEOAIU0/UkClNHUZFWNhu3tqzG7g=="
		},
		"nativescript-pro-ui": {
			"version": "3.2.0",
			"resolved": "https://registry.npmjs.org/nativescript-pro-ui/-/nativescript-pro-ui-3.2.0.tgz",
			"integrity": "sha1-GYxrcZUs10IHDmNS6HDX+ruh+5M="
		},
		"nativescript-progressbar": {
			"version": "1.0.2",
			"resolved": "https://registry.npmjs.org/nativescript-progressbar/-/nativescript-progressbar-1.0.2.tgz",
			"integrity": "sha1-o2dnTORKDPwO6E36uU5UgolZEiA="
		},
		"nativescript-screen-orientation": {
			"version": "2.0.0",
			"resolved": "https://registry.npmjs.org/nativescript-screen-orientation/-/nativescript-screen-orientation-2.0.0.tgz",
			"integrity": "sha1-GOiyBe3+6yHKTMeeWPqh/0b2fjI="
		},
		"nativescript-slides": {
			"version": "2.2.12",
			"resolved": "https://registry.npmjs.org/nativescript-slides/-/nativescript-slides-2.2.12.tgz",
			"integrity": "sha1-+gkdCVth2Aw4s6pNv81ctRPlJy0=",
			"requires": {
				"nativescript-dom": "2.0.0"
			}
		},
		"nativescript-theme-core": {
			"version": "1.0.4",
			"resolved": "https://registry.npmjs.org/nativescript-theme-core/-/nativescript-theme-core-1.0.4.tgz",
			"integrity": "sha1-zyiAx/vy/l9D4iNdMJdQeQgD7+E="
		},
		"tns-core-modules": {
			"version": "3.3.0",
			"resolved": "https://registry.npmjs.org/tns-core-modules/-/tns-core-modules-3.3.0.tgz",
			"integrity": "sha1-T+sfMRE8VU8LtHmErElvzNta8VY=",
			"requires": {
				"tns-core-modules-widgets": "3.3.0"
			}
		},
		"tns-core-modules-widgets": {
			"version": "3.3.0",
			"resolved": "https://registry.npmjs.org/tns-core-modules-widgets/-/tns-core-modules-widgets-3.3.0.tgz",
			"integrity": "sha1-0qp7smrSEkjJ9cH3X+pRNxhmYiY="
		}
	}
}
